{"is_source_file": false, "format": "", "description": "", "external_files": [], "external_methods": [], "published": [], "classes": [], "methods": [], "calls": [], "search-terms": [], "state": 2, "file_id": 40, "knowledge_revision": 112, "git_revision": "e9b46779ac03d4fb6396c949b882c7dfbcd72e9b", "hash": "e9b4c3b42cef0193b7fddb548d37e652", "format-version": 4, "code-base-name": "default", "filename": "moodweather_app/post_process_status.lock", "revision_history": [{"112": "e9b46779ac03d4fb6396c949b882c7dfbcd72e9b"}]}